
Microsoft Visual Studio Solution File, Format Version 12.00
# Visual Studio 15
VisualStudioVersion = 15.0.27703.2042
MinimumVisualStudioVersion = 10.0.40219.1
Project("{888888A0-9F3D-457C-B088-3A5042F75D52}") = "LR2", "LR2\LR2.pyproj", "{40126BD1-FD18-41D2-921C-1A522E9A5AEC}"
EndProject
Global
	GlobalSection(SolutionConfigurationPlatforms) = preSolution
		Debug|Any CPU = Debug|Any CPU
		Release|Any CPU = Release|Any CPU
	EndGlobalSection
	GlobalSection(ProjectConfigurationPlatforms) = postSolution
		{40126BD1-FD18-41D2-921C-1A522E9A5AEC}.Debug|Any CPU.ActiveCfg = Debug|Any CPU
		{40126BD1-FD18-41D2-921C-1A522E9A5AEC}.Release|Any CPU.ActiveCfg = Release|Any CPU
	EndGlobalSection
	GlobalSection(SolutionProperties) = preSolution
		HideSolutionNode = FALSE
	EndGlobalSection
	GlobalSection(ExtensibilityGlobals) = postSolution
		SolutionGuid = {5F3E8772-460A-4DCB-8C81-6EB80B032F4F}
	EndGlobalSection
EndGlobal
